
Microsoft Visual Studio Solution File, Format Version 12.00
# Visual Studio Version 16
VisualStudioVersion = 16.0.29009.5
MinimumVisualStudioVersion = 10.0.40219.1
Project("{9A19103F-16F7-4668-BE54-9A1E7A4F7556}") = "PracticalTest.Api", "src\PracticalTest.Api\PracticalTest.Api.csproj", "{437DD5BD-1485-4A0F-9254-7FE3D8C6A9DA}"
EndProject
Global
	GlobalSection(SolutionConfigurationPlatforms) = preSolution
		Debug|Any CPU = Debug|Any CPU
		Release|Any CPU = Release|Any CPU
	EndGlobalSection
	GlobalSection(ProjectConfigurationPlatforms) = postSolution
		{437DD5BD-1485-4A0F-9254-7FE3D8C6A9DA}.Debug|Any CPU.ActiveCfg = Debug|Any CPU
		{437DD5BD-1485-4A0F-9254-7FE3D8C6A9DA}.Debug|Any CPU.Build.0 = Debug|Any CPU
		{437DD5BD-1485-4A0F-9254-7FE3D8C6A9DA}.Release|Any CPU.ActiveCfg = Release|Any CPU
		{437DD5BD-1485-4A0F-9254-7FE3D8C6A9DA}.Release|Any CPU.Build.0 = Release|Any CPU
	EndGlobalSection
	GlobalSection(SolutionProperties) = preSolution
		HideSolutionNode = FALSE
	EndGlobalSection
	GlobalSection(ExtensibilityGlobals) = postSolution
		SolutionGuid = {8BD82ECA-ADC8-446E-9C08-81BF16C87712}
	EndGlobalSection
EndGlobal
